
Microsoft Visual Studio Solution File, Format Version 12.00
# Visual Studio Version 17
VisualStudioVersion = 17.9.34902.65
MinimumVisualStudioVersion = 10.0.40219.1
Project("{FAE04EC0-301F-11D3-BF4B-00C04F79EFBC}") = "Book_Store", "Book_Store.csproj", "{A1C9CF7F-79DD-47FE-A6F0-77C14C2721BC}"
EndProject
Global
	GlobalSection(SolutionConfigurationPlatforms) = preSolution
		Debug|Any CPU = Debug|Any CPU
		Release|Any CPU = Release|Any CPU
	EndGlobalSection
	GlobalSection(ProjectConfigurationPlatforms) = postSolution
		{A1C9CF7F-79DD-47FE-A6F0-77C14C2721BC}.Debug|Any CPU.ActiveCfg = Debug|Any CPU
		{A1C9CF7F-79DD-47FE-A6F0-77C14C2721BC}.Debug|Any CPU.Build.0 = Debug|Any CPU
		{A1C9CF7F-79DD-47FE-A6F0-77C14C2721BC}.Release|Any CPU.ActiveCfg = Release|Any CPU
		{A1C9CF7F-79DD-47FE-A6F0-77C14C2721BC}.Release|Any CPU.Build.0 = Release|Any CPU
	EndGlobalSection
	GlobalSection(SolutionProperties) = preSolution
		HideSolutionNode = FALSE
	EndGlobalSection
	GlobalSection(ExtensibilityGlobals) = postSolution
		SolutionGuid = {42B7578E-2D16-4D5A-99A0-4C4259F6333C}
	EndGlobalSection
EndGlobal
